// !$*UTF8*$!
{
	archiveVersion = 1;
	classes = {
	};
	objectVersion = 46;
	objects = {

/* Begin PBXBuildFile section */
		3D091DBAFD2752F4D114EB16 /* Pods_ios_oauth_samples.framework in Frameworks */ = {isa = PBXBuildFile; fileRef = 91A920AAA08ED688AEF8360E /* Pods_ios_oauth_samples.framework */; settings = {ATTRIBUTES = (Weak, ); }; };
		519BFBE11B3A4815005DE362 /* main.m in Sources */ = {isa = PBXBuildFile; fileRef = 519BFBE01B3A4815005DE362 /* main.m */; };
		519BFBE41B3A4815005DE362 /* AppDelegate.m in Sources */ = {isa = PBXBuildFile; fileRef = 519BFBE31B3A4815005DE362 /* AppDelegate.m */; };
		519BFBEC1B3A4815005DE362 /* Images.xcassets in Resources */ = {isa = PBXBuildFile; fileRef = 519BFBEB1B3A4815005DE362 /* Images.xcassets */; };
		519BFBEF1B3A4815005DE362 /* LaunchScreen.xib in Resources */ = {isa = PBXBuildFile; fileRef = 519BFBED1B3A4815005DE362 /* LaunchScreen.xib */; };
		519BFBFB1B3A4815005DE362 /* ios_oauth_samplesTests.m in Sources */ = {isa = PBXBuildFile; fileRef = 519BFBFA1B3A4815005DE362 /* ios_oauth_samplesTests.m */; };
		519BFC0A1B3A54FA005DE362 /* MainViewController.m in Sources */ = {isa = PBXBuildFile; fileRef = 519BFC081B3A54FA005DE362 /* MainViewController.m */; };
		519BFC0B1B3A54FA005DE362 /* MainViewController.xib in Resources */ = {isa = PBXBuildFile; fileRef = 519BFC091B3A54FA005DE362 /* MainViewController.xib */; };
/* End PBXBuildFile section */

/* Begin PBXContainerItemProxy section */
		519BFBF51B3A4815005DE362 /* PBXContainerItemProxy */ = {
			isa = PBXContainerItemProxy;
			containerPortal = 519BFBD31B3A4815005DE362 /* Project object */;
			proxyType = 1;
			remoteGlobalIDString = 519BFBDA1B3A4815005DE362;
			remoteInfo = "ios-oauth-samples";
		};
/* End PBXContainerItemProxy section */

/* Begin PBXFileReference section */
		519BFBDB1B3A4815005DE362 /* ios-oauth-samples.app */ = {isa = PBXFileReference; explicitFileType = wrapper.application; includeInIndex = 0; path = "ios-oauth-samples.app"; sourceTree = BUILT_PRODUCTS_DIR; };
		519BFBDF1B3A4815005DE362 /* Info.plist */ = {isa = PBXFileReference; lastKnownFileType = text.plist.xml; path = Info.plist; sourceTree = "<group>"; };
		519BFBE01B3A4815005DE362 /* main.m */ = {isa = PBXFileReference; lastKnownFileType = sourcecode.c.objc; path = main.m; sourceTree = "<group>"; };
		519BFBE21B3A4815005DE362 /* AppDelegate.h */ = {isa = PBXFileReference; lastKnownFileType = sourcecode.c.h; path = AppDelegate.h; sourceTree = "<group>"; };
		519BFBE31B3A4815005DE362 /* AppDelegate.m */ = {isa = PBXFileReference; lastKnownFileType = sourcecode.c.objc; path = AppDelegate.m; sourceTree = "<group>"; };
		519BFBEB1B3A4815005DE362 /* Images.xcassets */ = {isa = PBXFileReference; lastKnownFileType = folder.assetcatalog; path = Images.xcassets; sourceTree = "<group>"; };
		519BFBEE1B3A4815005DE362 /* Base */ = {isa = PBXFileReference; lastKnownFileType = file.xib; name = Base; path = Base.lproj/LaunchScreen.xib; sourceTree = "<group>"; };
		519BFBF41B3A4815005DE362 /* ios-oauth-samplesTests.xctest */ = {isa = PBXFileReference; explicitFileType = wrapper.cfbundle; includeInIndex = 0; path = "ios-oauth-samplesTests.xctest"; sourceTree = BUILT_PRODUCTS_DIR; };
		519BFBF91B3A4815005DE362 /* Info.plist */ = {isa = PBXFileReference; lastKnownFileType = text.plist.xml; path = Info.plist; sourceTree = "<group>"; };
		519BFBFA1B3A4815005DE362 /* ios_oauth_samplesTests.m */ = {isa = PBXFileReference; lastKnownFileType = sourcecode.c.objc; path = ios_oauth_samplesTests.m; sourceTree = "<group>"; };
		519BFC071B3A54FA005DE362 /* MainViewController.h */ = {isa = PBXFileReference; fileEncoding = 4; lastKnownFileType = sourcecode.c.h; path = MainViewController.h; sourceTree = "<group>"; };
		519BFC081B3A54FA005DE362 /* MainViewController.m */ = {isa = PBXFileReference; fileEncoding = 4; lastKnownFileType = sourcecode.c.objc; path = MainViewController.m; sourceTree = "<group>"; };
		519BFC091B3A54FA005DE362 /* MainViewController.xib */ = {isa = PBXFileReference; fileEncoding = 4; lastKnownFileType = file.xib; path = MainViewController.xib; sourceTree = "<group>"; };
		6D195CEBA162C10AA906BF83 /* Pods-ios-oauth-samples.debug.xcconfig */ = {isa = PBXFileReference; includeInIndex = 1; lastKnownFileType = text.xcconfig; name = "Pods-ios-oauth-samples.debug.xcconfig"; path = "Pods/Target Support Files/Pods-ios-oauth-samples/Pods-ios-oauth-samples.debug.xcconfig"; sourceTree = "<group>"; };
		80F52FB3028BA7D45B8E2A62 /* Pods-ios-oauth-samples.release.xcconfig */ = {isa = PBXFileReference; includeInIndex = 1; lastKnownFileType = text.xcconfig; name = "Pods-ios-oauth-samples.release.xcconfig"; path = "Pods/Target Support Files/Pods-ios-oauth-samples/Pods-ios-oauth-samples.release.xcconfig"; sourceTree = "<group>"; };
		91A920AAA08ED688AEF8360E /* Pods_ios_oauth_samples.framework */ = {isa = PBXFileReference; explicitFileType = wrapper.framework; includeInIndex = 0; path = Pods_ios_oauth_samples.framework; sourceTree = BUILT_PRODUCTS_DIR; };
/* End PBXFileReference section */

/* Begin PBXFrameworksBuildPhase section */
		519BFBD81B3A4815005DE362 /* Frameworks */ = {
			isa = PBXFrameworksBuildPhase;
			buildActionMask = 2147483647;
			files = (
				3D091DBAFD2752F4D114EB16 /* Pods_ios_oauth_samples.framework in Frameworks */,
			);
			runOnlyForDeploymentPostprocessing = 0;
		};
		519BFBF11B3A4815005DE362 /* Frameworks */ = {
			isa = PBXFrameworksBuildPhase;
			buildActionMask = 2147483647;
			files = (
			);
			runOnlyForDeploymentPostprocessing = 0;
		};
/* End PBXFrameworksBuildPhase section */

/* Begin PBXGroup section */
		519BFBD21B3A4815005DE362 = {
			isa = PBXGroup;
			children = (
				519BFBDD1B3A4815005DE362 /* ios-oauth-samples */,
				519BFBF71B3A4815005DE362 /* ios-oauth-samplesTests */,
				519BFBDC1B3A4815005DE362 /* Products */,
				B55ACFA4CB1149425880C186 /* Pods */,
				B564ECFD60F3E2B323584226 /* Frameworks */,
			);
			sourceTree = "<group>";
		};
		519BFBDC1B3A4815005DE362 /* Products */ = {
			isa = PBXGroup;
			children = (
				519BFBDB1B3A4815005DE362 /* ios-oauth-samples.app */,
				519BFBF41B3A4815005DE362 /* ios-oauth-samplesTests.xctest */,
			);
			name = Products;
			sourceTree = "<group>";
		};
		519BFBDD1B3A4815005DE362 /* ios-oauth-samples */ = {
			isa = PBXGroup;
			children = (
				519BFC041B3A4CCB005DE362 /* Classes */,
				519BFBEB1B3A4815005DE362 /* Images.xcassets */,
				519BFBED1B3A4815005DE362 /* LaunchScreen.xib */,
				519BFBDE1B3A4815005DE362 /* Supporting Files */,
			);
			path = "ios-oauth-samples";
			sourceTree = "<group>";
		};
		519BFBDE1B3A4815005DE362 /* Supporting Files */ = {
			isa = PBXGroup;
			children = (
				519BFBDF1B3A4815005DE362 /* Info.plist */,
				519BFBE01B3A4815005DE362 /* main.m */,
			);
			name = "Supporting Files";
			sourceTree = "<group>";
		};
		519BFBF71B3A4815005DE362 /* ios-oauth-samplesTests */ = {
			isa = PBXGroup;
			children = (
				519BFBFA1B3A4815005DE362 /* ios_oauth_samplesTests.m */,
				519BFBF81B3A4815005DE362 /* Supporting Files */,
			);
			path = "ios-oauth-samplesTests";
			sourceTree = "<group>";
		};
		519BFBF81B3A4815005DE362 /* Supporting Files */ = {
			isa = PBXGroup;
			children = (
				519BFBF91B3A4815005DE362 /* Info.plist */,
			);
			name = "Supporting Files";
			sourceTree = "<group>";
		};
		519BFC041B3A4CCB005DE362 /* Classes */ = {
			isa = PBXGroup;
			children = (
				519BFBE21B3A4815005DE362 /* AppDelegate.h */,
				519BFBE31B3A4815005DE362 /* AppDelegate.m */,
				519BFC071B3A54FA005DE362 /* MainViewController.h */,
				519BFC081B3A54FA005DE362 /* MainViewController.m */,
				519BFC091B3A54FA005DE362 /* MainViewController.xib */,
			);
			path = Classes;
			sourceTree = "<group>";
		};
		B55ACFA4CB1149425880C186 /* Pods */ = {
			isa = PBXGroup;
			children = (
				6D195CEBA162C10AA906BF83 /* Pods-ios-oauth-samples.debug.xcconfig */,
				80F52FB3028BA7D45B8E2A62 /* Pods-ios-oauth-samples.release.xcconfig */,
			);
			name = Pods;
			sourceTree = "<group>";
		};
		B564ECFD60F3E2B323584226 /* Frameworks */ = {
			isa = PBXGroup;
			children = (
				91A920AAA08ED688AEF8360E /* Pods_ios_oauth_samples.framework */,
			);
			name = Frameworks;
			sourceTree = "<group>";
		};
/* End PBXGroup section */

/* Begin PBXNativeTarget section */
		519BFBDA1B3A4815005DE362 /* ios-oauth-samples */ = {
			isa = PBXNativeTarget;
			buildConfigurationList = 519BFBFE1B3A4815005DE362 /* Build configuration list for PBXNativeTarget "ios-oauth-samples" */;
			buildPhases = (
				3D12389E5AFA8A2AD473940D /* Check Pods Manifest.lock */,
				519BFBD71B3A4815005DE362 /* Sources */,
				519BFBD81B3A4815005DE362 /* Frameworks */,
				519BFBD91B3A4815005DE362 /* Resources */,
				4DC19533F886C088B7941149 /* Embed Pods Frameworks */,
				4252EBF37808496AD6ED003D /* Copy Pods Resources */,
			);
			buildRules = (
			);
			dependencies = (
			);
			name = "ios-oauth-samples";
			productName = "ios-oauth-samples";
			productReference = 519BFBDB1B3A4815005DE362 /* ios-oauth-samples.app */;
			productType = "com.apple.product-type.application";
		};
		519BFBF31B3A4815005DE362 /* ios-oauth-samplesTests */ = {
			isa = PBXNativeTarget;
			buildConfigurationList = 519BFC011B3A4815005DE362 /* Build configuration list for PBXNativeTarget "ios-oauth-samplesTests" */;
			buildPhases = (
				519BFBF01B3A4815005DE362 /* Sources */,
				519BFBF11B3A4815005DE362 /* Frameworks */,
				519BFBF21B3A4815005DE362 /* Resources */,
			);
			buildRules = (
			);
			dependencies = (
				519BFBF61B3A4815005DE362 /* PBXTargetDependency */,
			);
			name = "ios-oauth-samplesTests";
			productName = "ios-oauth-samplesTests";
			productReference = 519BFBF41B3A4815005DE362 /* ios-oauth-samplesTests.xctest */;
			productType = "com.apple.product-type.bundle.unit-test";
		};
/* End PBXNativeTarget section */

/* Begin PBXProject section */
		519BFBD31B3A4815005DE362 /* Project object */ = {
			isa = PBXProject;
			attributes = {
				LastUpgradeCheck = 0630;
				ORGANIZATIONNAME = "noboru ishikura";
				TargetAttributes = {
					519BFBDA1B3A4815005DE362 = {
						CreatedOnToolsVersion = 6.3.2;
					};
					519BFBF31B3A4815005DE362 = {
						CreatedOnToolsVersion = 6.3.2;
						TestTargetID = 519BFBDA1B3A4815005DE362;
					};
				};
			};
			buildConfigurationList = 519BFBD61B3A4815005DE362 /* Build configuration list for PBXProject "ios-oauth-samples" */;
			compatibilityVersion = "Xcode 3.2";
			developmentRegion = English;
			hasScannedForEncodings = 0;
			knownRegions = (
				en,
				Base,
			);
			mainGroup = 519BFBD21B3A4815005DE362;
			productRefGroup = 519BFBDC1B3A4815005DE362 /* Products */;
			projectDirPath = "";
			projectRoot = "";
			targets = (
				519BFBDA1B3A4815005DE362 /* ios-oauth-samples */,
				519BFBF31B3A4815005DE362 /* ios-oauth-samplesTests */,
			);
		};
/* End PBXProject section */

/* Begin PBXResourcesBuildPhase section */
		519BFBD91B3A4815005DE362 /* Resources */ = {
			isa = PBXResourcesBuildPhase;
			buildActionMask = 2147483647;
			files = (
				519BFBEF1B3A4815005DE362 /* LaunchScreen.xib in Resources */,
				519BFC0B1B3A54FA005DE362 /* MainViewController.xib in Resources */,
				519BFBEC1B3A4815005DE362 /* Images.xcassets in Resources */,
			);
			runOnlyForDeploymentPostprocessing = 0;
		};
		519BFBF21B3A4815005DE362 /* Resources */ = {
			isa = PBXResourcesBuildPhase;
			buildActionMask = 2147483647;
			files = (
			);
			runOnlyForDeploymentPostprocessing = 0;
		};
/* End PBXResourcesBuildPhase section */

/* Begin PBXShellScriptBuildPhase section */
		3D12389E5AFA8A2AD473940D /* Check Pods Manifest.lock */ = {
			isa = PBXShellScriptBuildPhase;
			buildActionMask = 2147483647;
			files = (
			);
			inputPaths = (
			);
			name = "Check Pods Manifest.lock";
			outputPaths = (
			);
			runOnlyForDeploymentPostprocessing = 0;
			shellPath = /bin/sh;
			shellScript = "diff \"${PODS_ROOT}/../Podfile.lock\" \"${PODS_ROOT}/Manifest.lock\" > /dev/null\nif [[ $? != 0 ]] ; then\n    cat << EOM\nerror: The sandbox is not in sync with the Podfile.lock. Run 'pod install' or update your CocoaPods installation.\nEOM\n    exit 1\nfi\n";
			showEnvVarsInLog = 0;
		};
		4252EBF37808496AD6ED003D /* Copy Pods Resources */ = {
			isa = PBXShellScriptBuildPhase;
			buildActionMask = 2147483647;
			files = (
			);
			inputPaths = (
			);
			name = "Copy Pods Resources";
			outputPaths = (
			);
			runOnlyForDeploymentPostprocessing = 0;
			shellPath = /bin/sh;
			shellScript = "\"${SRCROOT}/Pods/Target Support Files/Pods-ios-oauth-samples/Pods-ios-oauth-samples-resources.sh\"\n";
			showEnvVarsInLog = 0;
		};
		4DC19533F886C088B7941149 /* Embed Pods Frameworks */ = {
			isa = PBXShellScriptBuildPhase;
			buildActionMask = 2147483647;
			files = (
			);
			inputPaths = (
			);
			name = "Embed Pods Frameworks";
			outputPaths = (
			);
			runOnlyForDeploymentPostprocessing = 0;
			shellPath = /bin/sh;
			shellScript = "\"${SRCROOT}/Pods/Target Support Files/Pods-ios-oauth-samples/Pods-ios-oauth-samples-frameworks.sh\"\n";
			showEnvVarsInLog = 0;
		};
/* End PBXShellScriptBuildPhase section */

/* Begin PBXSourcesBuildPhase section */
		519BFBD71B3A4815005DE362 /* Sources */ = {
			isa = PBXSourcesBuildPhase;
			buildActionMask = 2147483647;
			files = (
				519BFBE41B3A4815005DE362 /* AppDelegate.m in Sources */,
				519BFC0A1B3A54FA005DE362 /* MainViewController.m in Sources */,
				519BFBE11B3A4815005DE362 /* main.m in Sources */,
			);
			runOnlyForDeploymentPostprocessing = 0;
		};
		519BFBF01B3A4815005DE362 /* Sources */ = {
			isa = PBXSourcesBuildPhase;
			buildActionMask = 2147483647;
			files = (
				519BFBFB1B3A4815005DE362 /* ios_oauth_samplesTests.m in Sources */,
			);
			runOnlyForDeploymentPostprocessing = 0;
		};
/* End PBXSourcesBuildPhase section */

/* Begin PBXTargetDependency section */
		519BFBF61B3A4815005DE362 /* PBXTargetDependency */ = {
			isa = PBXTargetDependency;
			target = 519BFBDA1B3A4815005DE362 /* ios-oauth-samples */;
			targetProxy = 519BFBF51B3A4815005DE362 /* PBXContainerItemProxy */;
		};
/* End PBXTargetDependency section */

/* Begin PBXVariantGroup section */
		519BFBED1B3A4815005DE362 /* LaunchScreen.xib */ = {
			isa = PBXVariantGroup;
			children = (
				519BFBEE1B3A4815005DE362 /* Base */,
			);
			name = LaunchScreen.xib;
			sourceTree = "<group>";
		};
/* End PBXVariantGroup section */

/* Begin XCBuildConfiguration section */
		519BFBFC1B3A4815005DE362 /* Debug */ = {
			isa = XCBuildConfiguration;
			buildSettings = {
				ALWAYS_SEARCH_USER_PATHS = NO;
				CLANG_CXX_LANGUAGE_STANDARD = "gnu++0x";
				CLANG_CXX_LIBRARY = "libc++";
				CLANG_ENABLE_MODULES = YES;
				CLANG_ENABLE_OBJC_ARC = YES;
				CLANG_WARN_BOOL_CONVERSION = YES;
				CLANG_WARN_CONSTANT_CONVERSION = YES;
				CLANG_WARN_DIRECT_OBJC_ISA_USAGE = YES_ERROR;
				CLANG_WARN_EMPTY_BODY = YES;
				CLANG_WARN_ENUM_CONVERSION = YES;
				CLANG_WARN_INT_CONVERSION = YES;
				CLANG_WARN_OBJC_ROOT_CLASS = YES_ERROR;
				CLANG_WARN_UNREACHABLE_CODE = YES;
				CLANG_WARN__DUPLICATE_METHOD_MATCH = YES;
				"CODE_SIGN_IDENTITY[sdk=iphoneos*]" = "iPhone Developer";
				COPY_PHASE_STRIP = NO;
				DEBUG_INFORMATION_FORMAT = "dwarf-with-dsym";
				ENABLE_STRICT_OBJC_MSGSEND = YES;
				GCC_C_LANGUAGE_STANDARD = gnu99;
				GCC_DYNAMIC_NO_PIC = NO;
				GCC_NO_COMMON_BLOCKS = YES;
				GCC_OPTIMIZATION_LEVEL = 0;
				GCC_PREPROCESSOR_DEFINITIONS = (
					"DEBUG=1",
					"$(inherited)",
				);
				GCC_SYMBOLS_PRIVATE_EXTERN = NO;
				GCC_WARN_64_TO_32_BIT_CONVERSION = YES;
				GCC_WARN_ABOUT_RETURN_TYPE = YES_ERROR;
				GCC_WARN_UNDECLARED_SELECTOR = YES;
				GCC_WARN_UNINITIALIZED_AUTOS = YES_AGGRESSIVE;
				GCC_WARN_UNUSED_FUNCTION = YES;
				GCC_WARN_UNUSED_VARIABLE = YES;
				IPHONEOS_DEPLOYMENT_TARGET = 8.0;
				MTL_ENABLE_DEBUG_INFO = YES;
				ONLY_ACTIVE_ARCH = YES;
				SDKROOT = iphoneos;
				TARGETED_DEVICE_FAMILY = "1,2";
			};
			name = Debug;
		};
		519BFBFD1B3A4815005DE362 /* Release */ = {
			isa = XCBuildConfiguration;
			buildSettings = {
				ALWAYS_SEARCH_USER_PATHS = NO;
				CLANG_CXX_LANGUAGE_STANDARD = "gnu++0x";
				CLANG_CXX_LIBRARY = "libc++";
				CLANG_ENABLE_MODULES = YES;
				CLANG_ENABLE_OBJC_ARC = YES;
				CLANG_WARN_BOOL_CONVERSION = YES;
				CLANG_WARN_CONSTANT_CONVERSION = YES;
				CLANG_WARN_DIRECT_OBJC_ISA_USAGE = YES_ERROR;
				CLANG_WARN_EMPTY_BODY = YES;
				CLANG_WARN_ENUM_CONVERSION = YES;
				CLANG_WARN_INT_CONVERSION = YES;
				CLANG_WARN_OBJC_ROOT_CLASS = YES_ERROR;
				CLANG_WARN_UNREACHABLE_CODE = YES;
				CLANG_WARN__DUPLICATE_METHOD_MATCH = YES;
				"CODE_SIGN_IDENTITY[sdk=iphoneos*]" = "iPhone Developer";
				COPY_PHASE_STRIP = NO;
				DEBUG_INFORMATION_FORMAT = "dwarf-with-dsym";
				ENABLE_NS_ASSERTIONS = NO;
				ENABLE_STRICT_OBJC_MSGSEND = YES;
				GCC_C_LANGUAGE_STANDARD = gnu99;
				GCC_NO_COMMON_BLOCKS = YES;
				GCC_WARN_64_TO_32_BIT_CONVERSION = YES;
				GCC_WARN_ABOUT_RETURN_TYPE = YES_ERROR;
				GCC_WARN_UNDECLARED_SELECTOR = YES;
				GCC_WARN_UNINITIALIZED_AUTOS = YES_AGGRESSIVE;
				GCC_WARN_UNUSED_FUNCTION = YES;
				GCC_WARN_UNUSED_VARIABLE = YES;
				IPHONEOS_DEPLOYMENT_TARGET = 8.0;
				MTL_ENABLE_DEBUG_INFO = NO;
				SDKROOT = iphoneos;
				TARGETED_DEVICE_FAMILY = "1,2";
				VALIDATE_PRODUCT = YES;
			};
			name = Release;
		};
		519BFBFF1B3A4815005DE362 /* Debug */ = {
			isa = XCBuildConfiguration;
			baseConfigurationReference = 6D195CEBA162C10AA906BF83 /* Pods-ios-oauth-samples.debug.xcconfig */;
			buildSettings = {
				ASSETCATALOG_COMPILER_APPICON_NAME = AppIcon;
				INFOPLIST_FILE = "ios-oauth-samples/Info.plist";
				LD_RUNPATH_SEARCH_PATHS = "$(inherited) @executable_path/Frameworks";
				PRODUCT_NAME = "$(TARGET_NAME)";
			};
			name = Debug;
		};
		519BFC001B3A4815005DE362 /* Release */ = {
			isa = XCBuildConfiguration;
			baseConfigurationReference = 80F52FB3028BA7D45B8E2A62 /* Pods-ios-oauth-samples.release.xcconfig */;
			buildSettings = {
				ASSETCATALOG_COMPILER_APPICON_NAME = AppIcon;
				INFOPLIST_FILE = "ios-oauth-samples/Info.plist";
				LD_RUNPATH_SEARCH_PATHS = "$(inherited) @executable_path/Frameworks";
				PRODUCT_NAME = "$(TARGET_NAME)";
			};
			name = Release;
		};
		519BFC021B3A4815005DE362 /* Debug */ = {
			isa = XCBuildConfiguration;
			buildSettings = {
				BUNDLE_LOADER = "$(TEST_HOST)";
				FRAMEWORK_SEARCH_PATHS = (
					"$(SDKROOT)/Developer/Library/Frameworks",
					"$(inherited)",
				);
				GCC_PREPROCESSOR_DEFINITIONS = (
					"DEBUG=1",
					"$(inherited)",
				);
				INFOPLIST_FILE = "ios-oauth-samplesTests/Info.plist";
				LD_RUNPATH_SEARCH_PATHS = "$(inherited) @executable_path/Frameworks @loader_path/Frameworks";
				PRODUCT_NAME = "$(TARGET_NAME)";
				TEST_HOST = "$(BUILT_PRODUCTS_DIR)/ios-oauth-samples.app/ios-oauth-samples";
			};
			name = Debug;
		};
		519BFC031B3A4815005DE362 /* Release */ = {
			isa = XCBuildConfiguration;
			buildSettings = {
				BUNDLE_LOADER = "$(TEST_HOST)";
				FRAMEWORK_SEARCH_PATHS = (
					"$(SDKROOT)/Developer/Library/Frameworks",
					"$(inherited)",
				);
				INFOPLIST_FILE = "ios-oauth-samplesTests/Info.plist";
				LD_RUNPATH_SEARCH_PATHS = "$(inherited) @executable_path/Frameworks @loader_path/Frameworks";
				PRODUCT_NAME = "$(TARGET_NAME)";
				TEST_HOST = "$(BUILT_PRODUCTS_DIR)/ios-oauth-samples.app/ios-oauth-samples";
			};
			name = Release;
		};
/* End XCBuildConfiguration section */

/* Begin XCConfigurationList section */
		519BFBD61B3A4815005DE362 /* Build configuration list for PBXProject "ios-oauth-samples" */ = {
			isa = XCConfigurationList;
			buildConfigurations = (
				519BFBFC1B3A4815005DE362 /* Debug */,
				519BFBFD1B3A4815005DE362 /* Release */,
			);
			defaultConfigurationIsVisible = 0;
			defaultConfigurationName = Release;
		};
		519BFBFE1B3A4815005DE362 /* Build configuration list for PBXNativeTarget "ios-oauth-samples" */ = {
			isa = XCConfigurationList;
			buildConfigurations = (
				519BFBFF1B3A4815005DE362 /* Debug */,
				519BFC001B3A4815005DE362 /* Release */,
			);
			defaultConfigurationIsVisible = 0;
			defaultConfigurationName = Release;
		};
		519BFC011B3A4815005DE362 /* Build configuration list for PBXNativeTarget "ios-oauth-samplesTests" */ = {
			isa = XCConfigurationList;
			buildConfigurations = (
				519BFC021B3A4815005DE362 /* Debug */,
				519BFC031B3A4815005DE362 /* Release */,
			);
			defaultConfigurationIsVisible = 0;
			defaultConfigurationName = Release;
		};
/* End XCConfigurationList section */
	};
	rootObject = 519BFBD31B3A4815005DE362 /* Project object */;
}
